
Microsoft Visual Studio Solution File, Format Version 12.00
# Visual Studio Version 16
VisualStudioVersion = 16.0.32228.343
MinimumVisualStudioVersion = 10.0.40219.1
Project("{8BC9CEB8-8B4A-11D0-8D11-00A0C91BC942}") = "SCV_Mutalisk_Problem", "SCV_Mutalisk_Problem\SCV_Mutalisk_Problem.vcxproj", "{B73FB66A-FA84-4ACE-BD2E-056F8A97DD6E}"
EndProject
Global
	GlobalSection(SolutionConfigurationPlatforms) = preSolution
		Debug|x64 = Debug|x64
		Debug|x86 = Debug|x86
		Release|x64 = Release|x64
		Release|x86 = Release|x86
	EndGlobalSection
	GlobalSection(ProjectConfigurationPlatforms) = postSolution
		{B73FB66A-FA84-4ACE-BD2E-056F8A97DD6E}.Debug|x64.ActiveCfg = Debug|x64
		{B73FB66A-FA84-4ACE-BD2E-056F8A97DD6E}.Debug|x64.Build.0 = Debug|x64
		{B73FB66A-FA84-4ACE-BD2E-056F8A97DD6E}.Debug|x86.ActiveCfg = Debug|Win32
		{B73FB66A-FA84-4ACE-BD2E-056F8A97DD6E}.Debug|x86.Build.0 = Debug|Win32
		{B73FB66A-FA84-4ACE-BD2E-056F8A97DD6E}.Release|x64.ActiveCfg = Release|x64
		{B73FB66A-FA84-4ACE-BD2E-056F8A97DD6E}.Release|x64.Build.0 = Release|x64
		{B73FB66A-FA84-4ACE-BD2E-056F8A97DD6E}.Release|x86.ActiveCfg = Release|Win32
		{B73FB66A-FA84-4ACE-BD2E-056F8A97DD6E}.Release|x86.Build.0 = Release|Win32
	EndGlobalSection
	GlobalSection(SolutionProperties) = preSolution
		HideSolutionNode = FALSE
	EndGlobalSection
	GlobalSection(ExtensibilityGlobals) = postSolution
		SolutionGuid = {407AB138-9A5F-434A-8AB5-11AEB1DA6608}
	EndGlobalSection
EndGlobal
